// !$*UTF8*$!
{
	archiveVersion = 1;
	classes = {
	};
	objectVersion = 46;
	objects = {

/* Begin PBXBuildFile section */
		DA80D0BF1D8AC7C900570528 /* main.m in Sources */ = {isa = PBXBuildFile; fileRef = DA80D0BE1D8AC7C900570528 /* main.m */; };
		DA80D0C21D8AC7C900570528 /* AppDelegate.m in Sources */ = {isa = PBXBuildFile; fileRef = DA80D0C11D8AC7C900570528 /* AppDelegate.m */; };
		DA80D0C51D8AC7C900570528 /* ViewController.m in Sources */ = {isa = PBXBuildFile; fileRef = DA80D0C41D8AC7C900570528 /* ViewController.m */; };
		DA80D0C81D8AC7C900570528 /* Main.storyboard in Resources */ = {isa = PBXBuildFile; fileRef = DA80D0C61D8AC7C900570528 /* Main.storyboard */; };
		DA80D0CA1D8AC7C900570528 /* Assets.xcassets in Resources */ = {isa = PBXBuildFile; fileRef = DA80D0C91D8AC7C900570528 /* Assets.xcassets */; };
		DA80D0CD1D8AC7C900570528 /* LaunchScreen.storyboard in Resources */ = {isa = PBXBuildFile; fileRef = DA80D0CB1D8AC7C900570528 /* LaunchScreen.storyboard */; };
		DA80D0D81D8AC7C900570528 /* textFieldTests.m in Sources */ = {isa = PBXBuildFile; fileRef = DA80D0D71D8AC7C900570528 /* textFieldTests.m */; };
		DA80D0E31D8AC7C900570528 /* textFieldUITests.m in Sources */ = {isa = PBXBuildFile; fileRef = DA80D0E21D8AC7C900570528 /* textFieldUITests.m */; };
/* End PBXBuildFile section */

/* Begin PBXContainerItemProxy section */
		DA80D0D41D8AC7C900570528 /* PBXContainerItemProxy */ = {
			isa = PBXContainerItemProxy;
			containerPortal = DA80D0B21D8AC7C900570528 /* Project object */;
			proxyType = 1;
			remoteGlobalIDString = DA80D0B91D8AC7C900570528;
			remoteInfo = textField;
		};
		DA80D0DF1D8AC7C900570528 /* PBXContainerItemProxy */ = {
			isa = PBXContainerItemProxy;
			containerPortal = DA80D0B21D8AC7C900570528 /* Project object */;
			proxyType = 1;
			remoteGlobalIDString = DA80D0B91D8AC7C900570528;
			remoteInfo = textField;
		};
/* End PBXContainerItemProxy section */

/* Begin PBXFileReference section */
		DA80D0BA1D8AC7C900570528 /* textField.app */ = {isa = PBXFileReference; explicitFileType = wrapper.application; includeInIndex = 0; path = textField.app; sourceTree = BUILT_PRODUCTS_DIR; };
		DA80D0BE1D8AC7C900570528 /* main.m */ = {isa = PBXFileReference; lastKnownFileType = sourcecode.c.objc; path = main.m; sourceTree = "<group>"; };
		DA80D0C01D8AC7C900570528 /* AppDelegate.h */ = {isa = PBXFileReference; lastKnownFileType = sourcecode.c.h; path = AppDelegate.h; sourceTree = "<group>"; };
		DA80D0C11D8AC7C900570528 /* AppDelegate.m */ = {isa = PBXFileReference; lastKnownFileType = sourcecode.c.objc; path = AppDelegate.m; sourceTree = "<group>"; };
		DA80D0C31D8AC7C900570528 /* ViewController.h */ = {isa = PBXFileReference; lastKnownFileType = sourcecode.c.h; path = ViewController.h; sourceTree = "<group>"; };
		DA80D0C41D8AC7C900570528 /* ViewController.m */ = {isa = PBXFileReference; lastKnownFileType = sourcecode.c.objc; path = ViewController.m; sourceTree = "<group>"; };
		DA80D0C71D8AC7C900570528 /* Base */ = {isa = PBXFileReference; lastKnownFileType = file.storyboard; name = Base; path = Base.lproj/Main.storyboard; sourceTree = "<group>"; };
		DA80D0C91D8AC7C900570528 /* Assets.xcassets */ = {isa = PBXFileReference; lastKnownFileType = folder.assetcatalog; path = Assets.xcassets; sourceTree = "<group>"; };
		DA80D0CC1D8AC7C900570528 /* Base */ = {isa = PBXFileReference; lastKnownFileType = file.storyboard; name = Base; path = Base.lproj/LaunchScreen.storyboard; sourceTree = "<group>"; };
		DA80D0CE1D8AC7C900570528 /* Info.plist */ = {isa = PBXFileReference; lastKnownFileType = text.plist.xml; path = Info.plist; sourceTree = "<group>"; };
		DA80D0D31D8AC7C900570528 /* textFieldTests.xctest */ = {isa = PBXFileReference; explicitFileType = wrapper.cfbundle; includeInIndex = 0; path = textFieldTests.xctest; sourceTree = BUILT_PRODUCTS_DIR; };
		DA80D0D71D8AC7C900570528 /* textFieldTests.m */ = {isa = PBXFileReference; lastKnownFileType = sourcecode.c.objc; path = textFieldTests.m; sourceTree = "<group>"; };
		DA80D0D91D8AC7C900570528 /* Info.plist */ = {isa = PBXFileReference; lastKnownFileType = text.plist.xml; path = Info.plist; sourceTree = "<group>"; };
		DA80D0DE1D8AC7C900570528 /* textFieldUITests.xctest */ = {isa = PBXFileReference; explicitFileType = wrapper.cfbundle; includeInIndex = 0; path = textFieldUITests.xctest; sourceTree = BUILT_PRODUCTS_DIR; };
		DA80D0E21D8AC7C900570528 /* textFieldUITests.m */ = {isa = PBXFileReference; lastKnownFileType = sourcecode.c.objc; path = textFieldUITests.m; sourceTree = "<group>"; };
		DA80D0E41D8AC7C900570528 /* Info.plist */ = {isa = PBXFileReference; lastKnownFileType = text.plist.xml; path = Info.plist; sourceTree = "<group>"; };
/* End PBXFileReference section */

/* Begin PBXFrameworksBuildPhase section */
		DA80D0B71D8AC7C900570528 /* Frameworks */ = {
			isa = PBXFrameworksBuildPhase;
			buildActionMask = 2147483647;
			files = (
			);
			runOnlyForDeploymentPostprocessing = 0;
		};
		DA80D0D01D8AC7C900570528 /* Frameworks */ = {
			isa = PBXFrameworksBuildPhase;
			buildActionMask = 2147483647;
			files = (
			);
			runOnlyForDeploymentPostprocessing = 0;
		};
		DA80D0DB1D8AC7C900570528 /* Frameworks */ = {
			isa = PBXFrameworksBuildPhase;
			buildActionMask = 2147483647;
			files = (
			);
			runOnlyForDeploymentPostprocessing = 0;
		};
/* End PBXFrameworksBuildPhase section */

/* Begin PBXGroup section */
		DA80D0B11D8AC7C900570528 = {
			isa = PBXGroup;
			children = (
				DA80D0BC1D8AC7C900570528 /* textField */,
				DA80D0D61D8AC7C900570528 /* textFieldTests */,
				DA80D0E11D8AC7C900570528 /* textFieldUITests */,
				DA80D0BB1D8AC7C900570528 /* Products */,
			);
			sourceTree = "<group>";
		};
		DA80D0BB1D8AC7C900570528 /* Products */ = {
			isa = PBXGroup;
			children = (
				DA80D0BA1D8AC7C900570528 /* textField.app */,
				DA80D0D31D8AC7C900570528 /* textFieldTests.xctest */,
				DA80D0DE1D8AC7C900570528 /* textFieldUITests.xctest */,
			);
			name = Products;
			sourceTree = "<group>";
		};
		DA80D0BC1D8AC7C900570528 /* textField */ = {
			isa = PBXGroup;
			children = (
				DA80D0C01D8AC7C900570528 /* AppDelegate.h */,
				DA80D0C11D8AC7C900570528 /* AppDelegate.m */,
				DA80D0C31D8AC7C900570528 /* ViewController.h */,
				DA80D0C41D8AC7C900570528 /* ViewController.m */,
				DA80D0C61D8AC7C900570528 /* Main.storyboard */,
				DA80D0C91D8AC7C900570528 /* Assets.xcassets */,
				DA80D0CB1D8AC7C900570528 /* LaunchScreen.storyboard */,
				DA80D0CE1D8AC7C900570528 /* Info.plist */,
				DA80D0BD1D8AC7C900570528 /* Supporting Files */,
			);
			path = textField;
			sourceTree = "<group>";
		};
		DA80D0BD1D8AC7C900570528 /* Supporting Files */ = {
			isa = PBXGroup;
			children = (
				DA80D0BE1D8AC7C900570528 /* main.m */,
			);
			name = "Supporting Files";
			sourceTree = "<group>";
		};
		DA80D0D61D8AC7C900570528 /* textFieldTests */ = {
			isa = PBXGroup;
			children = (
				DA80D0D71D8AC7C900570528 /* textFieldTests.m */,
				DA80D0D91D8AC7C900570528 /* Info.plist */,
			);
			path = textFieldTests;
			sourceTree = "<group>";
		};
		DA80D0E11D8AC7C900570528 /* textFieldUITests */ = {
			isa = PBXGroup;
			children = (
				DA80D0E21D8AC7C900570528 /* textFieldUITests.m */,
				DA80D0E41D8AC7C900570528 /* Info.plist */,
			);
			path = textFieldUITests;
			sourceTree = "<group>";
		};
/* End PBXGroup section */

/* Begin PBXNativeTarget section */
		DA80D0B91D8AC7C900570528 /* textField */ = {
			isa = PBXNativeTarget;
			buildConfigurationList = DA80D0E71D8AC7C900570528 /* Build configuration list for PBXNativeTarget "textField" */;
			buildPhases = (
				DA80D0B61D8AC7C900570528 /* Sources */,
				DA80D0B71D8AC7C900570528 /* Frameworks */,
				DA80D0B81D8AC7C900570528 /* Resources */,
			);
			buildRules = (
			);
			dependencies = (
			);
			name = textField;
			productName = textField;
			productReference = DA80D0BA1D8AC7C900570528 /* textField.app */;
			productType = "com.apple.product-type.application";
		};
		DA80D0D21D8AC7C900570528 /* textFieldTests */ = {
			isa = PBXNativeTarget;
			buildConfigurationList = DA80D0EA1D8AC7C900570528 /* Build configuration list for PBXNativeTarget "textFieldTests" */;
			buildPhases = (
				DA80D0CF1D8AC7C900570528 /* Sources */,
				DA80D0D01D8AC7C900570528 /* Frameworks */,
				DA80D0D11D8AC7C900570528 /* Resources */,
			);
			buildRules = (
			);
			dependencies = (
				DA80D0D51D8AC7C900570528 /* PBXTargetDependency */,
			);
			name = textFieldTests;
			productName = textFieldTests;
			productReference = DA80D0D31D8AC7C900570528 /* textFieldTests.xctest */;
			productType = "com.apple.product-type.bundle.unit-test";
		};
		DA80D0DD1D8AC7C900570528 /* textFieldUITests */ = {
			isa = PBXNativeTarget;
			buildConfigurationList = DA80D0ED1D8AC7C900570528 /* Build configuration list for PBXNativeTarget "textFieldUITests" */;
			buildPhases = (
				DA80D0DA1D8AC7C900570528 /* Sources */,
				DA80D0DB1D8AC7C900570528 /* Frameworks */,
				DA80D0DC1D8AC7C900570528 /* Resources */,
			);
			buildRules = (
			);
			dependencies = (
				DA80D0E01D8AC7C900570528 /* PBXTargetDependency */,
			);
			name = textFieldUITests;
			productName = textFieldUITests;
			productReference = DA80D0DE1D8AC7C900570528 /* textFieldUITests.xctest */;
			productType = "com.apple.product-type.bundle.ui-testing";
		};
/* End PBXNativeTarget section */

/* Begin PBXProject section */
		DA80D0B21D8AC7C900570528 /* Project object */ = {
			isa = PBXProject;
			attributes = {
				LastUpgradeCheck = 0800;
				ORGANIZATIONNAME = "Nagam Pawan";
				TargetAttributes = {
					DA80D0B91D8AC7C900570528 = {
						CreatedOnToolsVersion = 8.0;
						DevelopmentTeam = 5GDZQ7NK96;
						ProvisioningStyle = Automatic;
					};
					DA80D0D21D8AC7C900570528 = {
						CreatedOnToolsVersion = 8.0;
						DevelopmentTeam = 5GDZQ7NK96;
						ProvisioningStyle = Automatic;
						TestTargetID = DA80D0B91D8AC7C900570528;
					};
					DA80D0DD1D8AC7C900570528 = {
						CreatedOnToolsVersion = 8.0;
						DevelopmentTeam = 5GDZQ7NK96;
						ProvisioningStyle = Automatic;
						TestTargetID = DA80D0B91D8AC7C900570528;
					};
				};
			};
			buildConfigurationList = DA80D0B51D8AC7C900570528 /* Build configuration list for PBXProject "textField" */;
			compatibilityVersion = "Xcode 3.2";
			developmentRegion = English;
			hasScannedForEncodings = 0;
			knownRegions = (
				en,
				Base,
			);
			mainGroup = DA80D0B11D8AC7C900570528;
			productRefGroup = DA80D0BB1D8AC7C900570528 /* Products */;
			projectDirPath = "";
			projectRoot = "";
			targets = (
				DA80D0B91D8AC7C900570528 /* textField */,
				DA80D0D21D8AC7C900570528 /* textFieldTests */,
				DA80D0DD1D8AC7C900570528 /* textFieldUITests */,
			);
		};
/* End PBXProject section */

/* Begin PBXResourcesBuildPhase section */
		DA80D0B81D8AC7C900570528 /* Resources */ = {
			isa = PBXResourcesBuildPhase;
			buildActionMask = 2147483647;
			files = (
				DA80D0CD1D8AC7C900570528 /* LaunchScreen.storyboard in Resources */,
				DA80D0CA1D8AC7C900570528 /* Assets.xcassets in Resources */,
				DA80D0C81D8AC7C900570528 /* Main.storyboard in Resources */,
			);
			runOnlyForDeploymentPostprocessing = 0;
		};
		DA80D0D11D8AC7C900570528 /* Resources */ = {
			isa = PBXResourcesBuildPhase;
			buildActionMask = 2147483647;
			files = (
			);
			runOnlyForDeploymentPostprocessing = 0;
		};
		DA80D0DC1D8AC7C900570528 /* Resources */ = {
			isa = PBXResourcesBuildPhase;
			buildActionMask = 2147483647;
			files = (
			);
			runOnlyForDeploymentPostprocessing = 0;
		};
/* End PBXResourcesBuildPhase section */

/* Begin PBXSourcesBuildPhase section */
		DA80D0B61D8AC7C900570528 /* Sources */ = {
			isa = PBXSourcesBuildPhase;
			buildActionMask = 2147483647;
			files = (
				DA80D0C51D8AC7C900570528 /* ViewController.m in Sources */,
				DA80D0C21D8AC7C900570528 /* AppDelegate.m in Sources */,
				DA80D0BF1D8AC7C900570528 /* main.m in Sources */,
			);
			runOnlyForDeploymentPostprocessing = 0;
		};
		DA80D0CF1D8AC7C900570528 /* Sources */ = {
			isa = PBXSourcesBuildPhase;
			buildActionMask = 2147483647;
			files = (
				DA80D0D81D8AC7C900570528 /* textFieldTests.m in Sources */,
			);
			runOnlyForDeploymentPostprocessing = 0;
		};
		DA80D0DA1D8AC7C900570528 /* Sources */ = {
			isa = PBXSourcesBuildPhase;
			buildActionMask = 2147483647;
			files = (
				DA80D0E31D8AC7C900570528 /* textFieldUITests.m in Sources */,
			);
			runOnlyForDeploymentPostprocessing = 0;
		};
/* End PBXSourcesBuildPhase section */

/* Begin PBXTargetDependency section */
		DA80D0D51D8AC7C900570528 /* PBXTargetDependency */ = {
			isa = PBXTargetDependency;
			target = DA80D0B91D8AC7C900570528 /* textField */;
			targetProxy = DA80D0D41D8AC7C900570528 /* PBXContainerItemProxy */;
		};
		DA80D0E01D8AC7C900570528 /* PBXTargetDependency */ = {
			isa = PBXTargetDependency;
			target = DA80D0B91D8AC7C900570528 /* textField */;
			targetProxy = DA80D0DF1D8AC7C900570528 /* PBXContainerItemProxy */;
		};
/* End PBXTargetDependency section */

/* Begin PBXVariantGroup section */
		DA80D0C61D8AC7C900570528 /* Main.storyboard */ = {
			isa = PBXVariantGroup;
			children = (
				DA80D0C71D8AC7C900570528 /* Base */,
			);
			name = Main.storyboard;
			sourceTree = "<group>";
		};
		DA80D0CB1D8AC7C900570528 /* LaunchScreen.storyboard */ = {
			isa = PBXVariantGroup;
			children = (
				DA80D0CC1D8AC7C900570528 /* Base */,
			);
			name = LaunchScreen.storyboard;
			sourceTree = "<group>";
		};
/* End PBXVariantGroup section */

/* Begin XCBuildConfiguration section */
		DA80D0E51D8AC7C900570528 /* Debug */ = {
			isa = XCBuildConfiguration;
			buildSettings = {
				ALWAYS_SEARCH_USER_PATHS = NO;
				CLANG_ANALYZER_NONNULL = YES;
				CLANG_CXX_LANGUAGE_STANDARD = "gnu++0x";
				CLANG_CXX_LIBRARY = "libc++";
				CLANG_ENABLE_MODULES = YES;
				CLANG_ENABLE_OBJC_ARC = YES;
				CLANG_WARN_BOOL_CONVERSION = YES;
				CLANG_WARN_CONSTANT_CONVERSION = YES;
				CLANG_WARN_DIRECT_OBJC_ISA_USAGE = YES_ERROR;
				CLANG_WARN_DOCUMENTATION_COMMENTS = YES;
				CLANG_WARN_EMPTY_BODY = YES;
				CLANG_WARN_ENUM_CONVERSION = YES;
				CLANG_WARN_INFINITE_RECURSION = YES;
				CLANG_WARN_INT_CONVERSION = YES;
				CLANG_WARN_OBJC_ROOT_CLASS = YES_ERROR;
				CLANG_WARN_SUSPICIOUS_MOVES = YES;
				CLANG_WARN_UNREACHABLE_CODE = YES;
				CLANG_WARN__DUPLICATE_METHOD_MATCH = YES;
				"CODE_SIGN_IDENTITY[sdk=iphoneos*]" = "iPhone Developer";
				COPY_PHASE_STRIP = NO;
				DEBUG_INFORMATION_FORMAT = dwarf;
				ENABLE_STRICT_OBJC_MSGSEND = YES;
				ENABLE_TESTABILITY = YES;
				GCC_C_LANGUAGE_STANDARD = gnu99;
				GCC_DYNAMIC_NO_PIC = NO;
				GCC_NO_COMMON_BLOCKS = YES;
				GCC_OPTIMIZATION_LEVEL = 0;
				GCC_PREPROCESSOR_DEFINITIONS = (
					"DEBUG=1",
					"$(inherited)",
				);
				GCC_WARN_64_TO_32_BIT_CONVERSION = YES;
				GCC_WARN_ABOUT_RETURN_TYPE = YES_ERROR;
				GCC_WARN_UNDECLARED_SELECTOR = YES;
				GCC_WARN_UNINITIALIZED_AUTOS = YES_AGGRESSIVE;
				GCC_WARN_UNUSED_FUNCTION = YES;
				GCC_WARN_UNUSED_VARIABLE = YES;
				IPHONEOS_DEPLOYMENT_TARGET = 10.0;
				MTL_ENABLE_DEBUG_INFO = YES;
				ONLY_ACTIVE_ARCH = YES;
				SDKROOT = iphoneos;
				TARGETED_DEVICE_FAMILY = "1,2";
			};
			name = Debug;
		};
		DA80D0E61D8AC7C900570528 /* Release */ = {
			isa = XCBuildConfiguration;
			buildSettings = {
				ALWAYS_SEARCH_USER_PATHS = NO;
				CLANG_ANALYZER_NONNULL = YES;
				CLANG_CXX_LANGUAGE_STANDARD = "gnu++0x";
				CLANG_CXX_LIBRARY = "libc++";
				CLANG_ENABLE_MODULES = YES;
				CLANG_ENABLE_OBJC_ARC = YES;
				CLANG_WARN_BOOL_CONVERSION = YES;
				CLANG_WARN_CONSTANT_CONVERSION = YES;
				CLANG_WARN_DIRECT_OBJC_ISA_USAGE = YES_ERROR;
				CLANG_WARN_DOCUMENTATION_COMMENTS = YES;
				CLANG_WARN_EMPTY_BODY = YES;
				CLANG_WARN_ENUM_CONVERSION = YES;
				CLANG_WARN_INFINITE_RECURSION = YES;
				CLANG_WARN_INT_CONVERSION = YES;
				CLANG_WARN_OBJC_ROOT_CLASS = YES_ERROR;
				CLANG_WARN_SUSPICIOUS_MOVES = YES;
				CLANG_WARN_UNREACHABLE_CODE = YES;
				CLANG_WARN__DUPLICATE_METHOD_MATCH = YES;
				"CODE_SIGN_IDENTITY[sdk=iphoneos*]" = "iPhone Developer";
				COPY_PHASE_STRIP = NO;
				DEBUG_INFORMATION_FORMAT = "dwarf-with-dsym";
				ENABLE_NS_ASSERTIONS = NO;
				ENABLE_STRICT_OBJC_MSGSEND = YES;
				GCC_C_LANGUAGE_STANDARD = gnu99;
				GCC_NO_COMMON_BLOCKS = YES;
				GCC_WARN_64_TO_32_BIT_CONVERSION = YES;
				GCC_WARN_ABOUT_RETURN_TYPE = YES_ERROR;
				GCC_WARN_UNDECLARED_SELECTOR = YES;
				GCC_WARN_UNINITIALIZED_AUTOS = YES_AGGRESSIVE;
				GCC_WARN_UNUSED_FUNCTION = YES;
				GCC_WARN_UNUSED_VARIABLE = YES;
				IPHONEOS_DEPLOYMENT_TARGET = 10.0;
				MTL_ENABLE_DEBUG_INFO = NO;
				SDKROOT = iphoneos;
				TARGETED_DEVICE_FAMILY = "1,2";
				VALIDATE_PRODUCT = YES;
			};
			name = Release;
		};
		DA80D0E81D8AC7C900570528 /* Debug */ = {
			isa = XCBuildConfiguration;
			buildSettings = {
				ASSETCATALOG_COMPILER_APPICON_NAME = AppIcon;
				DEVELOPMENT_TEAM = 5GDZQ7NK96;
				INFOPLIST_FILE = textField/Info.plist;
				LD_RUNPATH_SEARCH_PATHS = "$(inherited) @executable_path/Frameworks";
				PRODUCT_BUNDLE_IDENTIFIER = Neorays.textField;
				PRODUCT_NAME = "$(TARGET_NAME)";
			};
			name = Debug;
		};
		DA80D0E91D8AC7C900570528 /* Release */ = {
			isa = XCBuildConfiguration;
			buildSettings = {
				ASSETCATALOG_COMPILER_APPICON_NAME = AppIcon;
				DEVELOPMENT_TEAM = 5GDZQ7NK96;
				INFOPLIST_FILE = textField/Info.plist;
				LD_RUNPATH_SEARCH_PATHS = "$(inherited) @executable_path/Frameworks";
				PRODUCT_BUNDLE_IDENTIFIER = Neorays.textField;
				PRODUCT_NAME = "$(TARGET_NAME)";
			};
			name = Release;
		};
		DA80D0EB1D8AC7C900570528 /* Debug */ = {
			isa = XCBuildConfiguration;
			buildSettings = {
				BUNDLE_LOADER = "$(TEST_HOST)";
				DEVELOPMENT_TEAM = 5GDZQ7NK96;
				INFOPLIST_FILE = textFieldTests/Info.plist;
				LD_RUNPATH_SEARCH_PATHS = "$(inherited) @executable_path/Frameworks @loader_path/Frameworks";
				PRODUCT_BUNDLE_IDENTIFIER = Neorays.textFieldTests;
				PRODUCT_NAME = "$(TARGET_NAME)";
				TEST_HOST = "$(BUILT_PRODUCTS_DIR)/textField.app/textField";
			};
			name = Debug;
		};
		DA80D0EC1D8AC7C900570528 /* Release */ = {
			isa = XCBuildConfiguration;
			buildSettings = {
				BUNDLE_LOADER = "$(TEST_HOST)";
				DEVELOPMENT_TEAM = 5GDZQ7NK96;
				INFOPLIST_FILE = textFieldTests/Info.plist;
				LD_RUNPATH_SEARCH_PATHS = "$(inherited) @executable_path/Frameworks @loader_path/Frameworks";
				PRODUCT_BUNDLE_IDENTIFIER = Neorays.textFieldTests;
				PRODUCT_NAME = "$(TARGET_NAME)";
				TEST_HOST = "$(BUILT_PRODUCTS_DIR)/textField.app/textField";
			};
			name = Release;
		};
		DA80D0EE1D8AC7C900570528 /* Debug */ = {
			isa = XCBuildConfiguration;
			buildSettings = {
				DEVELOPMENT_TEAM = 5GDZQ7NK96;
				INFOPLIST_FILE = textFieldUITests/Info.plist;
				LD_RUNPATH_SEARCH_PATHS = "$(inherited) @executable_path/Frameworks @loader_path/Frameworks";
				PRODUCT_BUNDLE_IDENTIFIER = Neorays.textFieldUITests;
				PRODUCT_NAME = "$(TARGET_NAME)";
				TEST_TARGET_NAME = textField;
			};
			name = Debug;
		};
		DA80D0EF1D8AC7C900570528 /* Release */ = {
			isa = XCBuildConfiguration;
			buildSettings = {
				DEVELOPMENT_TEAM = 5GDZQ7NK96;
				INFOPLIST_FILE = textFieldUITests/Info.plist;
				LD_RUNPATH_SEARCH_PATHS = "$(inherited) @executable_path/Frameworks @loader_path/Frameworks";
				PRODUCT_BUNDLE_IDENTIFIER = Neorays.textFieldUITests;
				PRODUCT_NAME = "$(TARGET_NAME)";
				TEST_TARGET_NAME = textField;
			};
			name = Release;
		};
/* End XCBuildConfiguration section */

/* Begin XCConfigurationList section */
		DA80D0B51D8AC7C900570528 /* Build configuration list for PBXProject "textField" */ = {
			isa = XCConfigurationList;
			buildConfigurations = (
				DA80D0E51D8AC7C900570528 /* Debug */,
				DA80D0E61D8AC7C900570528 /* Release */,
			);
			defaultConfigurationIsVisible = 0;
			defaultConfigurationName = Release;
		};
		DA80D0E71D8AC7C900570528 /* Build configuration list for PBXNativeTarget "textField" */ = {
			isa = XCConfigurationList;
			buildConfigurations = (
				DA80D0E81D8AC7C900570528 /* Debug */,
				DA80D0E91D8AC7C900570528 /* Release */,
			);
			defaultConfigurationIsVisible = 0;
		};
		DA80D0EA1D8AC7C900570528 /* Build configuration list for PBXNativeTarget "textFieldTests" */ = {
			isa = XCConfigurationList;
			buildConfigurations = (
				DA80D0EB1D8AC7C900570528 /* Debug */,
				DA80D0EC1D8AC7C900570528 /* Release */,
			);
			defaultConfigurationIsVisible = 0;
		};
		DA80D0ED1D8AC7C900570528 /* Build configuration list for PBXNativeTarget "textFieldUITests" */ = {
			isa = XCConfigurationList;
			buildConfigurations = (
				DA80D0EE1D8AC7C900570528 /* Debug */,
				DA80D0EF1D8AC7C900570528 /* Release */,
			);
			defaultConfigurationIsVisible = 0;
		};
/* End XCConfigurationList section */
	};
	rootObject = DA80D0B21D8AC7C900570528 /* Project object */;
}
